
Microsoft Visual Studio Solution File, Format Version 12.00
# Visual Studio Version 17
VisualStudioVersion = 17.11.35327.3
MinimumVisualStudioVersion = 10.0.40219.1
Project("{FAE04EC0-301F-11D3-BF4B-00C04F79EFBC}") = "ToDo", "ToDo.csproj", "{CE385D84-C147-4FFC-AB3B-42E91031BFFB}"
EndProject
Global
	GlobalSection(SolutionConfigurationPlatforms) = preSolution
		Debug|Any CPU = Debug|Any CPU
		Release|Any CPU = Release|Any CPU
	EndGlobalSection
	GlobalSection(ProjectConfigurationPlatforms) = postSolution
		{CE385D84-C147-4FFC-AB3B-42E91031BFFB}.Debug|Any CPU.ActiveCfg = Debug|Any CPU
		{CE385D84-C147-4FFC-AB3B-42E91031BFFB}.Debug|Any CPU.Build.0 = Debug|Any CPU
		{CE385D84-C147-4FFC-AB3B-42E91031BFFB}.Release|Any CPU.ActiveCfg = Release|Any CPU
		{CE385D84-C147-4FFC-AB3B-42E91031BFFB}.Release|Any CPU.Build.0 = Release|Any CPU
	EndGlobalSection
	GlobalSection(SolutionProperties) = preSolution
		HideSolutionNode = FALSE
	EndGlobalSection
	GlobalSection(ExtensibilityGlobals) = postSolution
		SolutionGuid = {576D88F2-6680-4032-90B7-640C9F901EA1}
	EndGlobalSection
EndGlobal
